
Microsoft Visual Studio Solution File, Format Version 12.00
# Visual Studio Version 17
VisualStudioVersion = 17.2.32616.157
MinimumVisualStudioVersion = 10.0.40219.1
Project("{FAE04EC0-301F-11D3-BF4B-00C04F79EFBC}") = "ConsoleApp1", "ConsoleApp1\ConsoleApp1.csproj", "{A70E9230-4871-48F4-B084-E16F6478A73C}"
EndProject
Global
	GlobalSection(SolutionConfigurationPlatforms) = preSolution
		Debug|Any CPU = Debug|Any CPU
		Release|Any CPU = Release|Any CPU
	EndGlobalSection
	GlobalSection(ProjectConfigurationPlatforms) = postSolution
		{A70E9230-4871-48F4-B084-E16F6478A73C}.Debug|Any CPU.ActiveCfg = Debug|Any CPU
		{A70E9230-4871-48F4-B084-E16F6478A73C}.Debug|Any CPU.Build.0 = Debug|Any CPU
		{A70E9230-4871-48F4-B084-E16F6478A73C}.Release|Any CPU.ActiveCfg = Release|Any CPU
		{A70E9230-4871-48F4-B084-E16F6478A73C}.Release|Any CPU.Build.0 = Release|Any CPU
	EndGlobalSection
	GlobalSection(SolutionProperties) = preSolution
		HideSolutionNode = FALSE
	EndGlobalSection
	GlobalSection(ExtensibilityGlobals) = postSolution
		SolutionGuid = {CCA268EF-75C0-42FA-8932-C1E4548C1BFD}
	EndGlobalSection
EndGlobal
